
Microsoft Visual Studio Solution File, Format Version 12.00
# Visual Studio Version 16
VisualStudioVersion = 16.0.29609.76
MinimumVisualStudioVersion = 10.0.40219.1
Project("{FAE04EC0-301F-11D3-BF4B-00C04F79EFBC}") = "CaseInstaller", "CaseInstaller\CaseInstaller.csproj", "{032EF63E-D49E-4874-BA61-DDD5B66C582B}"
EndProject
Global
	GlobalSection(SolutionConfigurationPlatforms) = preSolution
		Debug|Any CPU = Debug|Any CPU
		Release|Any CPU = Release|Any CPU
	EndGlobalSection
	GlobalSection(ProjectConfigurationPlatforms) = postSolution
		{032EF63E-D49E-4874-BA61-DDD5B66C582B}.Debug|Any CPU.ActiveCfg = Debug|Any CPU
		{032EF63E-D49E-4874-BA61-DDD5B66C582B}.Debug|Any CPU.Build.0 = Debug|Any CPU
		{032EF63E-D49E-4874-BA61-DDD5B66C582B}.Release|Any CPU.ActiveCfg = Release|Any CPU
		{032EF63E-D49E-4874-BA61-DDD5B66C582B}.Release|Any CPU.Build.0 = Release|Any CPU
	EndGlobalSection
	GlobalSection(SolutionProperties) = preSolution
		HideSolutionNode = FALSE
	EndGlobalSection
	GlobalSection(ExtensibilityGlobals) = postSolution
		SolutionGuid = {397EEC0E-E6F8-49FC-B207-21CDEF05A851}
	EndGlobalSection
EndGlobal
